{
  "version": "3",
  "packages": {
    "specifiers": {
      "npm:react": "npm:react@18.2.0",
      "npm:react-vant": "npm:react-vant@3.3.4_react@18.2.0_react-dom@18.2.0__react@18.2.0"
    },
    "npm": {
      "@babel/runtime@7.24.4": {
        "integrity": "sha512-dkxf7+hn8mFBwKjs9bvBlArzLVxVbS8usaPUDd5p2a9JCL9tB8OaOVN1isD4+Xyk4ns89/xeOmbQvgdK7IIVdA==",
        "dependencies": {
          "regenerator-runtime": "regenerator-runtime@0.14.1"
        }
      },
      "@react-spring/animated@9.7.3_react@18.2.0": {
        "integrity": "sha512-5CWeNJt9pNgyvuSzQH+uy2pvTg8Y4/OisoscZIR8/ZNLIOI+CatFBhGZpDGTF/OzdNFsAoGk3wiUYTwoJ0YIvw==",
        "dependencies": {
          "@react-spring/shared": "@react-spring/shared@9.7.3_react@18.2.0",
          "@react-spring/types": "@react-spring/types@9.7.3",
          "react": "react@18.2.0"
        }
      },
      "@react-spring/core@9.7.3_react@18.2.0": {
        "integrity": "sha512-IqFdPVf3ZOC1Cx7+M0cXf4odNLxDC+n7IN3MDcVCTIOSBfqEcBebSv+vlY5AhM0zw05PDbjKrNmBpzv/AqpjnQ==",
        "dependencies": {
          "@react-spring/animated": "@react-spring/animated@9.7.3_react@18.2.0",
          "@react-spring/shared": "@react-spring/shared@9.7.3_react@18.2.0",
          "@react-spring/types": "@react-spring/types@9.7.3",
          "react": "react@18.2.0"
        }
      },
      "@react-spring/shared@9.7.3_react@18.2.0": {
        "integrity": "sha512-NEopD+9S5xYyQ0pGtioacLhL2luflh6HACSSDUZOwLHoxA5eku1UPuqcJqjwSD6luKjjLfiLOspxo43FUHKKSA==",
        "dependencies": {
          "@react-spring/types": "@react-spring/types@9.7.3",
          "react": "react@18.2.0"
        }
      },
      "@react-spring/types@9.7.3": {
        "integrity": "sha512-Kpx/fQ/ZFX31OtlqVEFfgaD1ACzul4NksrvIgYfIFq9JpDHFwQkMVZ10tbo0FU/grje4rcL4EIrjekl3kYwgWw==",
        "dependencies": {}
      },
      "@react-spring/web@9.7.3_react@18.2.0_react-dom@18.2.0__react@18.2.0": {
        "integrity": "sha512-BXt6BpS9aJL/QdVqEIX9YoUy8CE6TJrU0mNCqSoxdXlIeNcEBWOfIyE6B14ENNsyQKS3wOWkiJfco0tCr/9tUg==",
        "dependencies": {
          "@react-spring/animated": "@react-spring/animated@9.7.3_react@18.2.0",
          "@react-spring/core": "@react-spring/core@9.7.3_react@18.2.0",
          "@react-spring/shared": "@react-spring/shared@9.7.3_react@18.2.0",
          "@react-spring/types": "@react-spring/types@9.7.3",
          "react": "react@18.2.0",
          "react-dom": "react-dom@18.2.0_react@18.2.0"
        }
      },
      "@react-vant/icons@0.0.11_react@18.2.0": {
        "integrity": "sha512-ZVYpyNUjdO1tlMKwIWVCdrOgfrSdp2XjHpjQAZxDyMwJfiv1k7dvsBMAXHnUrcJRwnvJ1CU2GMYFP6m7GWBeow==",
        "dependencies": {
          "react": "react@18.2.0"
        }
      },
      "@use-gesture/core@10.2.17": {
        "integrity": "sha512-62hCybe4x6oGZ1/JA9gSYIdghV1FqxCdvYWt9SqCEAAikwT1OmVl2Q/Uu8CP636L57D+DfXtw6PWM+fdhr4oJQ==",
        "dependencies": {}
      },
      "@use-gesture/react@10.2.17_react@18.2.0": {
        "integrity": "sha512-Vfrp1KgdYn/kOEUAYNXtGBCl2dr38s3G6rru1TOPs+cVUjfNyNxvJK56grUyJ336N3rQLK8F9G7+FfrHuc3g/Q==",
        "dependencies": {
          "@use-gesture/core": "@use-gesture/core@10.2.17",
          "react": "react@18.2.0"
        }
      },
      "@vant/popperjs@1.3.0": {
        "integrity": "sha512-hB+czUG+aHtjhaEmCJDuXOep0YTZjdlRR+4MSmIFnkCQIxJaXLQdSsR90XWvAI2yvKUI7TCGqR8pQg2RtvkMHw==",
        "dependencies": {}
      },
      "async-validator@4.2.5": {
        "integrity": "sha512-7HhHjtERjqlNbZtqNqy2rckN/SpOOlmDliet+lP7k+eKZEjPk3DgyeU9lIXLdeLz0uBbbVp+9Qdow9wJWgwwfg==",
        "dependencies": {}
      },
      "clsx@1.2.1": {
        "integrity": "sha512-EcR6r5a8bj6pu3ycsa/E/cKVGuTgZJZdsyUYHOksG/UHIiKfjxzRxYJpyVBwYaQeOvghal9fcc4PidlgzugAQg==",
        "dependencies": {}
      },
      "csstype@3.1.3": {
        "integrity": "sha512-M1uQkMl8rQK/szD0LNhtqxIPLpimGm8sOBwU7lLnCpSbTyY3yeU1Vc7l4KT5zT4s/yOxHH5O7tIuuLOCnLADRw==",
        "dependencies": {}
      },
      "dom-helpers@5.2.1": {
        "integrity": "sha512-nRCa7CK3VTrM2NmGkIy4cbK7IZlgBE/PYMn55rrXefr5xXDP0LdtfPnblFDoVdcAfslJ7or6iqAUnx0CCGIWQA==",
        "dependencies": {
          "@babel/runtime": "@babel/runtime@7.24.4",
          "csstype": "csstype@3.1.3"
        }
      },
      "js-tokens@4.0.0": {
        "integrity": "sha512-RdJUflcE3cUzKiMqQgsCu06FPu9UdIJO0beYbPhHN4k6apgJtifcoCtT9bcxOpYBtpD2kCM6Sbzg4CausW/PKQ==",
        "dependencies": {}
      },
      "loose-envify@1.4.0": {
        "integrity": "sha512-lyuxPGr/Wfhrlem2CL/UcnUc1zcqKAImBDzukY7Y5F/yQiNdko6+fRLevlw1HgMySw7f611UIY408EtxRSoK3Q==",
        "dependencies": {
          "js-tokens": "js-tokens@4.0.0"
        }
      },
      "object-assign@4.1.1": {
        "integrity": "sha512-rJgTQnkUnH1sFw8yT6VSU3zD3sWmu6sZhIseY8VX+GRu3P6F7Fu+JNDoXfklElbLJSnc3FUQHVe4cU5hj+BcUg==",
        "dependencies": {}
      },
      "prop-types@15.8.1": {
        "integrity": "sha512-oj87CgZICdulUohogVAR7AjlC0327U4el4L6eAvOqCeudMDVU0NThNaV+b9Df4dXgSP1gXMTnPdhfe/2qDH5cg==",
        "dependencies": {
          "loose-envify": "loose-envify@1.4.0",
          "object-assign": "object-assign@4.1.1",
          "react-is": "react-is@16.13.1"
        }
      },
      "rc-field-form@1.44.0_react@18.2.0_react-dom@18.2.0__react@18.2.0": {
        "integrity": "sha512-el7w87fyDUsca63Y/s8qJcq9kNkf/J5h+iTdqG5WsSHLH0e6Usl7QuYSmSVzJMgtp40mOVZIY/W/QP9zwrp1FA==",
        "dependencies": {
          "@babel/runtime": "@babel/runtime@7.24.4",
          "async-validator": "async-validator@4.2.5",
          "rc-util": "rc-util@5.39.1_react@18.2.0_react-dom@18.2.0__react@18.2.0",
          "react": "react@18.2.0",
          "react-dom": "react-dom@18.2.0_react@18.2.0"
        }
      },
      "rc-util@5.39.1_react@18.2.0_react-dom@18.2.0__react@18.2.0": {
        "integrity": "sha512-OW/ERynNDgNr4y0oiFmtes3rbEamXw7GHGbkbNd9iRr7kgT03T6fT0b9WpJ3mbxKhyOcAHnGcIoh5u/cjrC2OQ==",
        "dependencies": {
          "@babel/runtime": "@babel/runtime@7.24.4",
          "react": "react@18.2.0",
          "react-dom": "react-dom@18.2.0_react@18.2.0",
          "react-is": "react-is@18.2.0"
        }
      },
      "react-dom@18.2.0_react@18.2.0": {
        "integrity": "sha512-6IMTriUmvsjHUjNtEDudZfuDQUoWXVxKHhlEGSk81n4YFS+r/Kl99wXiwlVXtPBtJenozv2P+hxDsw9eA7Xo6g==",
        "dependencies": {
          "loose-envify": "loose-envify@1.4.0",
          "react": "react@18.2.0",
          "scheduler": "scheduler@0.23.0"
        }
      },
      "react-is@16.13.1": {
        "integrity": "sha512-24e6ynE2H+OKt4kqsOvNd8kBpV65zoxbA4BVsEOB3ARVWQki/DHzaUoC5KuON/BiccDaCCTZBuOcfZs70kR8bQ==",
        "dependencies": {}
      },
      "react-is@18.2.0": {
        "integrity": "sha512-xWGDIW6x921xtzPkhiULtthJHoJvBbF3q26fzloPCK0hsvxtPVelvftw3zjbHWSkR2km9Z+4uxbDDK/6Zw9B8w==",
        "dependencies": {}
      },
      "react-transition-group@4.4.2_react@18.2.0_react-dom@18.2.0__react@18.2.0": {
        "integrity": "sha512-/RNYfRAMlZwDSr6z4zNKV6xu53/e2BuaBbGhbyYIXTrmgu/bGHzmqOs7mJSJBHy9Ud+ApHx3QjrkKSp1pxvlFg==",
        "dependencies": {
          "@babel/runtime": "@babel/runtime@7.24.4",
          "dom-helpers": "dom-helpers@5.2.1",
          "loose-envify": "loose-envify@1.4.0",
          "prop-types": "prop-types@15.8.1",
          "react": "react@18.2.0",
          "react-dom": "react-dom@18.2.0_react@18.2.0"
        }
      },
      "react-vant@3.3.4_react@18.2.0_react-dom@18.2.0__react@18.2.0": {
        "integrity": "sha512-ny1UNptaZ+cBQEye2CdSmbucDJ0yUrBiSuzabBVthQagy/jixuwDHrYfDvBcsx4MLfkkaEJwKY7dXyw1EcO5WA==",
        "dependencies": {
          "@react-spring/web": "@react-spring/web@9.7.3_react@18.2.0_react-dom@18.2.0__react@18.2.0",
          "@react-vant/icons": "@react-vant/icons@0.0.11_react@18.2.0",
          "@use-gesture/react": "@use-gesture/react@10.2.17_react@18.2.0",
          "@vant/popperjs": "@vant/popperjs@1.3.0",
          "clsx": "clsx@1.2.1",
          "rc-field-form": "rc-field-form@1.44.0_react@18.2.0_react-dom@18.2.0__react@18.2.0",
          "react": "react@18.2.0",
          "react-dom": "react-dom@18.2.0_react@18.2.0",
          "react-is": "react-is@18.2.0",
          "react-transition-group": "react-transition-group@4.4.2_react@18.2.0_react-dom@18.2.0__react@18.2.0",
          "tslib": "tslib@2.6.2"
        }
      },
      "react@18.2.0": {
        "integrity": "sha512-/3IjMdb2L9QbBdWiW5e3P2/npwMBaU9mHCSCUzNln0ZCYbcfTsGbTJrU/kGemdH2IWmB2ioZ+zkxtmq6g09fGQ==",
        "dependencies": {
          "loose-envify": "loose-envify@1.4.0"
        }
      },
      "regenerator-runtime@0.14.1": {
        "integrity": "sha512-dYnhHh0nJoMfnkZs6GmmhFknAGRrLznOu5nc9ML+EJxGvrx6H7teuevqVqCuPcPK//3eDrrjQhehXVx9cnkGdw==",
        "dependencies": {}
      },
      "scheduler@0.23.0": {
        "integrity": "sha512-CtuThmgHNg7zIZWAXi3AsyIzA3n4xx7aNyjwC2VJldO2LMVDhFK+63xGqq6CsJH4rTAt6/M+N4GhZiDYPx9eUw==",
        "dependencies": {
          "loose-envify": "loose-envify@1.4.0"
        }
      },
      "tslib@2.6.2": {
        "integrity": "sha512-AEYxH93jGFPn/a2iVAwW87VuUIkR1FVUKB77NwMF7nBTDkDrrT/Hpt/IrCJ0QXhW27jTBDcf5ZY7w6RiqTMw2Q==",
        "dependencies": {}
      }
    }
  },
  "redirects": {
    "https://deno.land/x/hono/middleware.ts": "https://deno.land/x/hono@v4.2.2/middleware.ts"
  },
  "remote": {
    "https://deno.land/x/hono@v4.2.2/adapter/deno/serve-static.ts": "62b57d461ecebbc7b98809c4fc2a8358f0828d6e89cdc6841054e5bb3828fc80",
    "https://deno.land/x/hono@v4.2.2/client/client.ts": "4afa3be7d5f36c507b50fa6185e7e94920160bed98417924e364cf32ff59e9e4",
    "https://deno.land/x/hono@v4.2.2/client/index.ts": "30def535310a37bede261f1b23d11a9758983b8e9d60a6c56309cee5f6746ab2",
    "https://deno.land/x/hono@v4.2.2/client/utils.ts": "a93e5dc542dceb892a6b39cc793689478627ba958d251794193cf26c0ecf5800",
    "https://deno.land/x/hono@v4.2.2/compose.ts": "37d6e33b7db80e4c43a0629b12fd3a1e3406e7d9e62a4bfad4b30426ea7ae4f1",
    "https://deno.land/x/hono@v4.2.2/context.ts": "3d8c8a1aaea396fe22e2db822e1a270482c7f4b3b273f8f05ae3b240408bc7b2",
    "https://deno.land/x/hono@v4.2.2/helper/adapter/index.ts": "5a4ca736487a2a8303bdac9fff710eae38e6f39ed70eb171eed78e5f64da84df",
    "https://deno.land/x/hono@v4.2.2/helper/cookie/index.ts": "80b98f8a014e8b03a9130cce9fb03f6175f82a64367e954d120634f8543556e2",
    "https://deno.land/x/hono@v4.2.2/helper/html/index.ts": "48a0ddc576c10452db6c3cab03dd4ee6986ab61ebdc667335b40a81fa0487f69",
    "https://deno.land/x/hono@v4.2.2/hono-base.ts": "2a508c026687a1fc12c0458e100e66d5d72e17f6e6532b407d19663aa7300327",
    "https://deno.land/x/hono@v4.2.2/hono.ts": "23edd0140bf0bd5a68c14ae96e5856a5cec6b844277e853b91025e91ea74f416",
    "https://deno.land/x/hono@v4.2.2/http-exception.ts": "cd387c6f7357db375ac3375f0346c6da80b46193b661881f660d6b15293fc086",
    "https://deno.land/x/hono@v4.2.2/jsx/base.ts": "4c1e9f841b8f287ed95541f4e0c6ba9afac2a353cb2a88dc373f27e2261b118b",
    "https://deno.land/x/hono@v4.2.2/jsx/components.ts": "f79ab215f59388f01a69e2d6ec0b841fd3b42ba38e0ee7c93a525cdf06e159f9",
    "https://deno.land/x/hono@v4.2.2/jsx/constants.ts": "03dbf805f4d07e3b34ab05ac84f3c0cb4fbafb2096fba7789a5f6226ca6f21ad",
    "https://deno.land/x/hono@v4.2.2/jsx/context.ts": "2b7a86e6b35da171fab27aa05f09748bb3eba64b26c037ea1da655c07e8f6bc1",
    "https://deno.land/x/hono@v4.2.2/jsx/dom/components.ts": "733da654edb3d4c178a4479649fac2c64e79069e37e848add0c3a49f90e7f2d7",
    "https://deno.land/x/hono@v4.2.2/jsx/dom/context.ts": "39cd1108f0933934075fd88ef98139b0f29cce35b5d30d5fed2231daaa19c208",
    "https://deno.land/x/hono@v4.2.2/jsx/dom/jsx-dev-runtime.ts": "266a61edb91f596f8581218c2afb253449fa700e069298b5a3e96ee064a57183",
    "https://deno.land/x/hono@v4.2.2/jsx/dom/jsx-runtime.ts": "6a50a65306771a9000030f494d92a5fdeeb055112e0126234b2fd9179de1d4f5",
    "https://deno.land/x/hono@v4.2.2/jsx/dom/render.ts": "ca76952d936e4994c08a8eef291a353ea39815f42b547f1b3cb143559b3227ca",
    "https://deno.land/x/hono@v4.2.2/jsx/hooks/index.ts": "6a5e712581f29d1c28469006ec534833e600841939b5d0e13688bbcbaaf658f1",
    "https://deno.land/x/hono@v4.2.2/jsx/index.ts": "ca3b63c99e446b29d5d1a6ec79948146e9c3c88121bcbfa4982d0e9b21e33906",
    "https://deno.land/x/hono@v4.2.2/jsx/streaming.ts": "6a04614847ce8792b3c43cd9ca091077b4b4e86e756e81f37c672a5d9b7e9097",
    "https://deno.land/x/hono@v4.2.2/jsx/types.ts": "880971bd1e0704a6fba6b786ca596cbe23fc06e36c506f42ea17f84f9879f278",
    "https://deno.land/x/hono@v4.2.2/jsx/utils.ts": "7b9d84ce478c66a5f4709dc3a873ac7104ba3427597683221827abec2761da0e",
    "https://deno.land/x/hono@v4.2.2/middleware.ts": "2e7c6062e36b0e5f84b44a62e7b0e1cef33a9827c19937c648be4b63e1b7d7c6",
    "https://deno.land/x/hono@v4.2.2/middleware/basic-auth/index.ts": "2c8cb563f3b89df1a7a2232be37377c3df6194af38613dc0a823c6595816fc66",
    "https://deno.land/x/hono@v4.2.2/middleware/bearer-auth/index.ts": "6a2361ca273a0dbbc9213b535a82dc434472f1e2ca85ab6d993b68f11d2067cd",
    "https://deno.land/x/hono@v4.2.2/middleware/body-limit/index.ts": "3fefeaf7e6e576aa1b33f2694072d2eaab692842acd29cb360d98e20eebfe5aa",
    "https://deno.land/x/hono@v4.2.2/middleware/cache/index.ts": "9bb67a362a9f06151709039a890837b8a1689a5a84a948a9a1483da876a99c0e",
    "https://deno.land/x/hono@v4.2.2/middleware/compress/index.ts": "98c403a5fe7e9c5f5d776350b422b0a125fb34696851b8b14f825b9b7b06f2ac",
    "https://deno.land/x/hono@v4.2.2/middleware/cors/index.ts": "976eb9ce8cefc214b403a2939503a13177cec76223274609a07ca554e0dc623b",
    "https://deno.land/x/hono@v4.2.2/middleware/csrf/index.ts": "077bb0ce299d79d0d232cb9e462aaa4eaa901164f1310f74a7630f7e6cfe74e8",
    "https://deno.land/x/hono@v4.2.2/middleware/etag/index.ts": "3392aabea4d02dfec51455c5919bff9aad76538b9fde375dd542fbc3f389dd3a",
    "https://deno.land/x/hono@v4.2.2/middleware/jsx-renderer/index.ts": "76b08d24c7b8cf3c808dc1d2063358c8b284e4fc48c8966b731a5d32286f62fd",
    "https://deno.land/x/hono@v4.2.2/middleware/jwt/index.ts": "4cb997d3d7a09d0b0c0e273841d29729e13e35dfc00021089aebaad868a7f8c6",
    "https://deno.land/x/hono@v4.2.2/middleware/logger/index.ts": "52a2e968890ada2c11ce89a7a783692c5767b8ed7fb23ccf6b559d255d13ccbc",
    "https://deno.land/x/hono@v4.2.2/middleware/method-override/index.ts": "303797bf0dc0600847f0a5f23a6351232c8bda596a64d38b3ef05e40ca354b42",
    "https://deno.land/x/hono@v4.2.2/middleware/powered-by/index.ts": "6faba0cf042278d60b317b690640bb0b58747690cf280fa09024424c5174e66d",
    "https://deno.land/x/hono@v4.2.2/middleware/pretty-json/index.ts": "2216ce4c9910be009fecac63367c3626b46137d4cf7cb9a82913e501104b4a88",
    "https://deno.land/x/hono@v4.2.2/middleware/secure-headers/index.ts": "24cf3544002e882972842800bce223738b32c9c84bef7f74892e994819765f84",
    "https://deno.land/x/hono@v4.2.2/middleware/serve-static/index.ts": "8a6e0e82ee7459e518ce8dc3d91e7872b272ffdf9a26dbcee3ff17f2157be088",
    "https://deno.land/x/hono@v4.2.2/middleware/timing/index.ts": "241702aa10ab66cc832e8b556c57c236f3bf338a8817d802cb142eae0f852582",
    "https://deno.land/x/hono@v4.2.2/middleware/trailing-slash/index.ts": "419cf0af99a137f591b72cc71c053e524fe3574393ce81e0e9dbce84a4046e24",
    "https://deno.land/x/hono@v4.2.2/mod.ts": "35fd2a2e14b52365e0ad66f168b067363fd0a60d75cbcb1b01685b04de97d60e",
    "https://deno.land/x/hono@v4.2.2/request.ts": "6f6e435955667425391f7626f4aa088211e33689a709ff9c4417746fc0b0dd96",
    "https://deno.land/x/hono@v4.2.2/router.ts": "880316f561918fc197481755aac2165fdbe2f530b925c5357a9f98d6e2cc85c7",
    "https://deno.land/x/hono@v4.2.2/router/linear-router/index.ts": "8a2a7144c50b1f4a92d9ee99c2c396716af144c868e10608255f969695efccd0",
    "https://deno.land/x/hono@v4.2.2/router/linear-router/router.ts": "928d29894e4b45b047a4f453c7f1745c8b1869cd68447e1cb710c7bbf99a4e29",
    "https://deno.land/x/hono@v4.2.2/router/pattern-router/index.ts": "304a66c50e243872037ed41c7dd79ed0c89d815e17e172e7ad7cdc4bc07d3383",
    "https://deno.land/x/hono@v4.2.2/router/pattern-router/router.ts": "1b5f68e6af942579d3a40ee834294fea3d1f05fd5f70514e46ae301dd0107e46",
    "https://deno.land/x/hono@v4.2.2/router/reg-exp-router/index.ts": "52755829213941756159b7a963097bafde5cc4fc22b13b1c7c9184dc0512d1db",
    "https://deno.land/x/hono@v4.2.2/router/reg-exp-router/node.ts": "7efaa6f4301efc2aad0519c84973061be8555da02e5868409293a1fd98536aaf",
    "https://deno.land/x/hono@v4.2.2/router/reg-exp-router/router.ts": "632f2fa426b3e45a66aeed03f7205dad6d13e8081bed6f8d1d987b6cad8fb455",
    "https://deno.land/x/hono@v4.2.2/router/reg-exp-router/trie.ts": "852ce7207e6701e47fa30889a0d2b8bfcd56d8862c97e7bc9831e0a64bd8835f",
    "https://deno.land/x/hono@v4.2.2/router/smart-router/index.ts": "74f9b4fe15ea535900f2b9b048581915f12fe94e531dd2b0032f5610e61c3bef",
    "https://deno.land/x/hono@v4.2.2/router/smart-router/router.ts": "f1848a2a1eefa316a11853ae12e749552747771fb8a11fe713ae04ea6461140b",
    "https://deno.land/x/hono@v4.2.2/router/trie-router/index.ts": "3eb75e7f71ba81801631b30de6b1f5cefb2c7239c03797e2b2cbab5085911b41",
    "https://deno.land/x/hono@v4.2.2/router/trie-router/node.ts": "5786ed7b85bb55411ede249a381412d39406497285ce23c1eafd50551dcdc632",
    "https://deno.land/x/hono@v4.2.2/router/trie-router/router.ts": "54ced78d35676302c8fcdda4204f7bdf5a7cc907fbf9967c75674b1e394f830d",
    "https://deno.land/x/hono@v4.2.2/utils/body.ts": "1c7013f83bbef8216b3d862111efd5a183eaa29e86decf9a7eec6cdf25757e93",
    "https://deno.land/x/hono@v4.2.2/utils/buffer.ts": "9066a973e64498cb262c7e932f47eed525a51677b17f90893862b7279dc0773e",
    "https://deno.land/x/hono@v4.2.2/utils/color.ts": "23f8494d4cace2a74d4baf8216c69328ef7e5ed6ca8a402ba92f50144763d927",
    "https://deno.land/x/hono@v4.2.2/utils/cookie.ts": "6eaaf6909a4ae11f6c82404e9398e1c247e3f1854d73994a9e2e6fc3cdf7b584",
    "https://deno.land/x/hono@v4.2.2/utils/crypto.ts": "bda0e141bbe46d3a4a20f8fbcb6380d473b617123d9fdfa93e4499410b537acc",
    "https://deno.land/x/hono@v4.2.2/utils/encode.ts": "311dfdfae7eb0b6345e9680f7ebbb3a692e872ed964e2029aca38567af8d1f33",
    "https://deno.land/x/hono@v4.2.2/utils/filepath.ts": "a83e5fe87396bb291a6c5c28e13356fcbea0b5547bad2c3ba9660100ff964000",
    "https://deno.land/x/hono@v4.2.2/utils/html.ts": "6ea4f6bf41587a51607dff7a6d2865ef4d5001e4203b07e5c8a45b63a098e871",
    "https://deno.land/x/hono@v4.2.2/utils/jwt/index.ts": "3b66f48cdd3fcc2caed5e908ca31776e11b1c30391008931276da3035e6ba1e9",
    "https://deno.land/x/hono@v4.2.2/utils/jwt/jwa.ts": "6874cacd8b6dde386636b81b5ea2754f8e4c61757802fa908dd1ce54b91a52fa",
    "https://deno.land/x/hono@v4.2.2/utils/jwt/jws.ts": "878fa7d1966b0db20ae231cfee279ba2bb198943e949049cab3f5845cd5ee2d1",
    "https://deno.land/x/hono@v4.2.2/utils/jwt/jwt.ts": "ea37caffefd49e64d01855a5cf51e957cc05b0010854a64dea677f9266ea4005",
    "https://deno.land/x/hono@v4.2.2/utils/jwt/types.ts": "2845fe8633a5d39c958651ffef2733637e1a647f4b7b061de0458f0435f0f0f5",
    "https://deno.land/x/hono@v4.2.2/utils/jwt/utf8.ts": "b9649f21ef91d1e83b3031a53970b29f13ff82053db3ffae372030706fa07d0e",
    "https://deno.land/x/hono@v4.2.2/utils/mime.ts": "1e5db0919d2127995ec466dfd1ee637c3d63084f516ccbd3c6906ccf0d3f3c46",
    "https://deno.land/x/hono@v4.2.2/utils/url.ts": "855169632c61d03703bd08cafb27664ba3fdb352892f01687d5cce8fd49e3cb1",
    "https://deno.land/x/hono@v4.2.2/validator/index.ts": "6c986e8b91dcf857ecc8164a506ae8eea8665792a4ff7215471df669c632ae7c",
    "https://deno.land/x/hono@v4.2.2/validator/validator.ts": "6ac0cd5f77d5a921c71e83199d22a1f3692b8499faed958250bdca856d08de52"
  }
}
